
Microsoft Visual Studio Solution File, Format Version 12.00
# Visual Studio Version 16
VisualStudioVersion = 16.0.31624.102
MinimumVisualStudioVersion = 10.0.40219.1
Project("{FAE04EC0-301F-11D3-BF4B-00C04F79EFBC}") = "netcoremvc", "netcoremvc.csproj", "{521C1A91-D938-424F-8C54-D1E95354EFC7}"
EndProject
Global
	GlobalSection(SolutionConfigurationPlatforms) = preSolution
		Debug|Any CPU = Debug|Any CPU
		Release|Any CPU = Release|Any CPU
	EndGlobalSection
	GlobalSection(ProjectConfigurationPlatforms) = postSolution
		{521C1A91-D938-424F-8C54-D1E95354EFC7}.Debug|Any CPU.ActiveCfg = Debug|Any CPU
		{521C1A91-D938-424F-8C54-D1E95354EFC7}.Debug|Any CPU.Build.0 = Debug|Any CPU
		{521C1A91-D938-424F-8C54-D1E95354EFC7}.Release|Any CPU.ActiveCfg = Release|Any CPU
		{521C1A91-D938-424F-8C54-D1E95354EFC7}.Release|Any CPU.Build.0 = Release|Any CPU
	EndGlobalSection
	GlobalSection(SolutionProperties) = preSolution
		HideSolutionNode = FALSE
	EndGlobalSection
	GlobalSection(ExtensibilityGlobals) = postSolution
		SolutionGuid = {9214C482-6FAA-495A-9388-50F0A14E200D}
	EndGlobalSection
EndGlobal
